// !$*UTF8*$!
{
	archiveVersion = 1;
	classes = {
	};
	objectVersion = 46;
	objects = {

/* Begin PBXBuildFile section */
		27B957FB1ED2724E0062EF04 /* Logging.h in Headers */ = {isa = PBXBuildFile; fileRef = 27F6A2171ED006FB0043A0AD /* Logging.h */; settings = {ATTRIBUTES = (Public, ); }; };
		27B9580B1ED27B8F0062EF04 /* Logger.swift in Sources */ = {isa = PBXBuildFile; fileRef = 27B9580A1ED27B8F0062EF04 /* Logger.swift */; };
		27B9580C1ED27BA90062EF04 /* Logger.swift in Sources */ = {isa = PBXBuildFile; fileRef = 27B9580A1ED27B8F0062EF04 /* Logger.swift */; };
		27BB1A6D1ED28A9800A8987F /* LoggingTests.swift in Sources */ = {isa = PBXBuildFile; fileRef = 27FB48DE1ED003B500B04186 /* LoggingTests.swift */; };
		27BB1A6E1ED28B5600A8987F /* Logging.framework in Frameworks */ = {isa = PBXBuildFile; fileRef = 27FB48591ECD5D2300B04186 /* Logging.framework */; };
		27BB1A6F1ED28B6100A8987F /* Logging.framework in Frameworks */ = {isa = PBXBuildFile; fileRef = 27B957E01ED270240062EF04 /* Logging.framework */; };
		27F6A21A1ED0088A0043A0AD /* Logging.h in Headers */ = {isa = PBXBuildFile; fileRef = 27F6A2171ED006FB0043A0AD /* Logging.h */; settings = {ATTRIBUTES = (Public, ); }; };
		27F756551ED3FCAA00192BFB /* Logging.h in Headers */ = {isa = PBXBuildFile; fileRef = 27F6A2171ED006FB0043A0AD /* Logging.h */; settings = {ATTRIBUTES = (Public, ); }; };
		27F756561ED3FCAF00192BFB /* Logger.swift in Sources */ = {isa = PBXBuildFile; fileRef = 27B9580A1ED27B8F0062EF04 /* Logger.swift */; };
		27FB48E11ED003B900B04186 /* LoggingTests.swift in Sources */ = {isa = PBXBuildFile; fileRef = 27FB48DE1ED003B500B04186 /* LoggingTests.swift */; };
/* End PBXBuildFile section */

/* Begin PBXContainerItemProxy section */
		27B957EA1ED270240062EF04 /* PBXContainerItemProxy */ = {
			isa = PBXContainerItemProxy;
			containerPortal = 27FB48501ECD5D2300B04186 /* Project object */;
			proxyType = 1;
			remoteGlobalIDString = 27B957DF1ED270240062EF04;
			remoteInfo = "Logging OS X";
		};
		27FB48641ECD5D2300B04186 /* PBXContainerItemProxy */ = {
			isa = PBXContainerItemProxy;
			containerPortal = 27FB48501ECD5D2300B04186 /* Project object */;
			proxyType = 1;
			remoteGlobalIDString = 27FB48581ECD5D2300B04186;
			remoteInfo = Logging;
		};
/* End PBXContainerItemProxy section */

/* Begin PBXFileReference section */
		27B957E01ED270240062EF04 /* Logging.framework */ = {isa = PBXFileReference; explicitFileType = wrapper.framework; includeInIndex = 0; path = Logging.framework; sourceTree = BUILT_PRODUCTS_DIR; };
		27B957E81ED270240062EF04 /* Logging macOS Tests.xctest */ = {isa = PBXFileReference; explicitFileType = wrapper.cfbundle; includeInIndex = 0; path = "Logging macOS Tests.xctest"; sourceTree = BUILT_PRODUCTS_DIR; };
		27B957F81ED271240062EF04 /* Info.plist */ = {isa = PBXFileReference; lastKnownFileType = text.plist.xml; path = Info.plist; sourceTree = "<group>"; };
		27B957FC1ED272840062EF04 /* macOS Framework Debug.xcconfig */ = {isa = PBXFileReference; lastKnownFileType = text.xcconfig; path = "macOS Framework Debug.xcconfig"; sourceTree = "<group>"; };
		27B957FD1ED2728A0062EF04 /* iOS Framework Debug.xcconfig */ = {isa = PBXFileReference; lastKnownFileType = text.xcconfig; path = "iOS Framework Debug.xcconfig"; sourceTree = "<group>"; };
		27B957FF1ED272900062EF04 /* Project Debug.xcconfig */ = {isa = PBXFileReference; lastKnownFileType = text.xcconfig; path = "Project Debug.xcconfig"; sourceTree = "<group>"; };
		27B958001ED272900062EF04 /* Project Release.xcconfig */ = {isa = PBXFileReference; lastKnownFileType = text.xcconfig; path = "Project Release.xcconfig"; sourceTree = "<group>"; };
		27B958011ED272900062EF04 /* Project.xcconfig */ = {isa = PBXFileReference; lastKnownFileType = text.xcconfig; path = Project.xcconfig; sourceTree = "<group>"; };
		27B958021ED2740B0062EF04 /* iOS Framework Release.xcconfig */ = {isa = PBXFileReference; lastKnownFileType = text.xcconfig; path = "iOS Framework Release.xcconfig"; sourceTree = "<group>"; };
		27B958031ED274170062EF04 /* macOS Framework Release.xcconfig */ = {isa = PBXFileReference; lastKnownFileType = text.xcconfig; path = "macOS Framework Release.xcconfig"; sourceTree = "<group>"; };
		27B958051ED274830062EF04 /* macOS Tests.xcconfig */ = {isa = PBXFileReference; lastKnownFileType = text.xcconfig; path = "macOS Tests.xcconfig"; sourceTree = "<group>"; };
		27B958061ED274830062EF04 /* macOS.xcconfig */ = {isa = PBXFileReference; lastKnownFileType = text.xcconfig; path = macOS.xcconfig; sourceTree = "<group>"; };
		27B958071ED274A50062EF04 /* iOS Tests.xcconfig */ = {isa = PBXFileReference; lastKnownFileType = text.xcconfig; path = "iOS Tests.xcconfig"; sourceTree = "<group>"; };
		27B958091ED274A50062EF04 /* iOS.xcconfig */ = {isa = PBXFileReference; lastKnownFileType = text.xcconfig; path = iOS.xcconfig; sourceTree = "<group>"; };
		27B9580A1ED27B8F0062EF04 /* Logger.swift */ = {isa = PBXFileReference; fileEncoding = 4; lastKnownFileType = sourcecode.swift; path = Logger.swift; sourceTree = "<group>"; };
		27B9580D1ED27F970062EF04 /* Framework.xcconfig */ = {isa = PBXFileReference; lastKnownFileType = text.xcconfig; path = Framework.xcconfig; sourceTree = "<group>"; };
		27B9580E1ED280ED0062EF04 /* Tests.xcconfig */ = {isa = PBXFileReference; lastKnownFileType = text.xcconfig; path = Tests.xcconfig; sourceTree = "<group>"; };
		27B9580F1ED2836B0062EF04 /* iOS Framework.xcconfig */ = {isa = PBXFileReference; fileEncoding = 4; lastKnownFileType = text.xcconfig; path = "iOS Framework.xcconfig"; sourceTree = "<group>"; };
		27B958111ED284480062EF04 /* macOS Framework.xcconfig */ = {isa = PBXFileReference; lastKnownFileType = text.xcconfig; path = "macOS Framework.xcconfig"; sourceTree = "<group>"; };
		27BB1A751ED2A45600A8987F /* Logging.framework */ = {isa = PBXFileReference; explicitFileType = wrapper.framework; includeInIndex = 0; path = Logging.framework; sourceTree = BUILT_PRODUCTS_DIR; };
		27BB1A7E1ED2A49800A8987F /* Info.plist */ = {isa = PBXFileReference; lastKnownFileType = text.plist.xml; path = Info.plist; sourceTree = "<group>"; };
		27BB1A7F1ED2A4C500A8987F /* watchOS Framework Debug.xcconfig */ = {isa = PBXFileReference; lastKnownFileType = text.xcconfig; path = "watchOS Framework Debug.xcconfig"; sourceTree = "<group>"; };
		27BB1A801ED2A4C500A8987F /* watchOS Framework Release.xcconfig */ = {isa = PBXFileReference; lastKnownFileType = text.xcconfig; path = "watchOS Framework Release.xcconfig"; sourceTree = "<group>"; };
		27BB1A811ED2A4C500A8987F /* watchOS Framework.xcconfig */ = {isa = PBXFileReference; lastKnownFileType = text.xcconfig; path = "watchOS Framework.xcconfig"; sourceTree = "<group>"; };
		27BB1A831ED2A4C500A8987F /* watchOS.xcconfig */ = {isa = PBXFileReference; lastKnownFileType = text.xcconfig; path = watchOS.xcconfig; sourceTree = "<group>"; };
		27F6A2121ED006F00043A0AD /* Info.plist */ = {isa = PBXFileReference; lastKnownFileType = text.plist.xml; path = Info.plist; sourceTree = "<group>"; };
		27F6A2171ED006FB0043A0AD /* Logging.h */ = {isa = PBXFileReference; fileEncoding = 4; lastKnownFileType = sourcecode.c.h; path = Logging.h; sourceTree = "<group>"; };
		27FB48591ECD5D2300B04186 /* Logging.framework */ = {isa = PBXFileReference; explicitFileType = wrapper.framework; includeInIndex = 0; path = Logging.framework; sourceTree = BUILT_PRODUCTS_DIR; };
		27FB48621ECD5D2300B04186 /* Logging iOS Tests.xctest */ = {isa = PBXFileReference; explicitFileType = wrapper.cfbundle; includeInIndex = 0; path = "Logging iOS Tests.xctest"; sourceTree = BUILT_PRODUCTS_DIR; };
		27FB48DE1ED003B500B04186 /* LoggingTests.swift */ = {isa = PBXFileReference; lastKnownFileType = sourcecode.swift; path = LoggingTests.swift; sourceTree = "<group>"; };
		27FB48E01ED003B500B04186 /* Info.plist */ = {isa = PBXFileReference; lastKnownFileType = text.plist.xml; path = Info.plist; sourceTree = "<group>"; };
/* End PBXFileReference section */

/* Begin PBXFrameworksBuildPhase section */
		27B957DC1ED270240062EF04 /* Frameworks */ = {
			isa = PBXFrameworksBuildPhase;
			buildActionMask = 2147483647;
			files = (
			);
			runOnlyForDeploymentPostprocessing = 0;
		};
		27B957E51ED270240062EF04 /* Frameworks */ = {
			isa = PBXFrameworksBuildPhase;
			buildActionMask = 2147483647;
			files = (
				27BB1A6F1ED28B6100A8987F /* Logging.framework in Frameworks */,
			);
			runOnlyForDeploymentPostprocessing = 0;
		};
		27BB1A711ED2A45600A8987F /* Frameworks */ = {
			isa = PBXFrameworksBuildPhase;
			buildActionMask = 2147483647;
			files = (
			);
			runOnlyForDeploymentPostprocessing = 0;
		};
		27FB48551ECD5D2300B04186 /* Frameworks */ = {
			isa = PBXFrameworksBuildPhase;
			buildActionMask = 2147483647;
			files = (
			);
			runOnlyForDeploymentPostprocessing = 0;
		};
		27FB485F1ECD5D2300B04186 /* Frameworks */ = {
			isa = PBXFrameworksBuildPhase;
			buildActionMask = 2147483647;
			files = (
				27BB1A6E1ED28B5600A8987F /* Logging.framework in Frameworks */,
			);
			runOnlyForDeploymentPostprocessing = 0;
		};
/* End PBXFrameworksBuildPhase section */

/* Begin PBXGroup section */
		27B957F71ED271240062EF04 /* macOS Supporting Files */ = {
			isa = PBXGroup;
			children = (
				27B957F81ED271240062EF04 /* Info.plist */,
				27B958061ED274830062EF04 /* macOS.xcconfig */,
				27B958111ED284480062EF04 /* macOS Framework.xcconfig */,
				27B957FC1ED272840062EF04 /* macOS Framework Debug.xcconfig */,
				27B958031ED274170062EF04 /* macOS Framework Release.xcconfig */,
				27B958051ED274830062EF04 /* macOS Tests.xcconfig */,
			);
			path = "macOS Supporting Files";
			sourceTree = "<group>";
		};
		27B957FE1ED272900062EF04 /* Supporting Files */ = {
			isa = PBXGroup;
			children = (
				27B958011ED272900062EF04 /* Project.xcconfig */,
				27B957FF1ED272900062EF04 /* Project Debug.xcconfig */,
				27B958001ED272900062EF04 /* Project Release.xcconfig */,
				27B9580D1ED27F970062EF04 /* Framework.xcconfig */,
				27B9580E1ED280ED0062EF04 /* Tests.xcconfig */,
			);
			path = "Supporting Files";
			sourceTree = "<group>";
		};
		27BB1A7D1ED2A49800A8987F /* watchOS Supporting Files */ = {
			isa = PBXGroup;
			children = (
				27BB1A7E1ED2A49800A8987F /* Info.plist */,
				27BB1A831ED2A4C500A8987F /* watchOS.xcconfig */,
				27BB1A811ED2A4C500A8987F /* watchOS Framework.xcconfig */,
				27BB1A7F1ED2A4C500A8987F /* watchOS Framework Debug.xcconfig */,
				27BB1A801ED2A4C500A8987F /* watchOS Framework Release.xcconfig */,
			);
			path = "watchOS Supporting Files";
			sourceTree = "<group>";
		};
		27F6A2111ED006F00043A0AD /* iOS Supporting Files */ = {
			isa = PBXGroup;
			children = (
				27F6A2121ED006F00043A0AD /* Info.plist */,
				27B958091ED274A50062EF04 /* iOS.xcconfig */,
				27B9580F1ED2836B0062EF04 /* iOS Framework.xcconfig */,
				27B957FD1ED2728A0062EF04 /* iOS Framework Debug.xcconfig */,
				27B958021ED2740B0062EF04 /* iOS Framework Release.xcconfig */,
				27B958071ED274A50062EF04 /* iOS Tests.xcconfig */,
			);
			path = "iOS Supporting Files";
			sourceTree = SOURCE_ROOT;
		};
		27F6A2161ED006FB0043A0AD /* Logging */ = {
			isa = PBXGroup;
			children = (
				27F6A2171ED006FB0043A0AD /* Logging.h */,
				27B9580A1ED27B8F0062EF04 /* Logger.swift */,
			);
			name = Logging;
			path = ../Logging;
			sourceTree = "<group>";
		};
		27FB484F1ECD5D2300B04186 = {
			isa = PBXGroup;
			children = (
				27FB485B1ECD5D2300B04186 /* Logging Framework */,
				27FB48661ECD5D2300B04186 /* Logging Tests */,
				27FB485A1ECD5D2300B04186 /* Products */,
			);
			sourceTree = "<group>";
			usesTabs = 1;
		};
		27FB485A1ECD5D2300B04186 /* Products */ = {
			isa = PBXGroup;
			children = (
				27FB48591ECD5D2300B04186 /* Logging.framework */,
				27FB48621ECD5D2300B04186 /* Logging iOS Tests.xctest */,
				27B957E01ED270240062EF04 /* Logging.framework */,
				27B957E81ED270240062EF04 /* Logging macOS Tests.xctest */,
				27BB1A751ED2A45600A8987F /* Logging.framework */,
			);
			name = Products;
			sourceTree = "<group>";
		};
		27FB485B1ECD5D2300B04186 /* Logging Framework */ = {
			isa = PBXGroup;
			children = (
				27F6A2161ED006FB0043A0AD /* Logging */,
				27B957FE1ED272900062EF04 /* Supporting Files */,
				27F6A2111ED006F00043A0AD /* iOS Supporting Files */,
				27BB1A7D1ED2A49800A8987F /* watchOS Supporting Files */,
				27B957F71ED271240062EF04 /* macOS Supporting Files */,
			);
			name = "Logging Framework";
			sourceTree = "<group>";
		};
		27FB48661ECD5D2300B04186 /* Logging Tests */ = {
			isa = PBXGroup;
			children = (
				27FB48DD1ED003B500B04186 /* Classes */,
				27FB48DF1ED003B500B04186 /* Supporting Files */,
			);
			path = "Logging Tests";
			sourceTree = "<group>";
		};
		27FB48DD1ED003B500B04186 /* Classes */ = {
			isa = PBXGroup;
			children = (
				27FB48DE1ED003B500B04186 /* LoggingTests.swift */,
			);
			path = Classes;
			sourceTree = "<group>";
		};
		27FB48DF1ED003B500B04186 /* Supporting Files */ = {
			isa = PBXGroup;
			children = (
				27FB48E01ED003B500B04186 /* Info.plist */,
			);
			path = "Supporting Files";
			sourceTree = "<group>";
		};
/* End PBXGroup section */

/* Begin PBXHeadersBuildPhase section */
		27B957DD1ED270240062EF04 /* Headers */ = {
			isa = PBXHeadersBuildPhase;
			buildActionMask = 2147483647;
			files = (
				27B957FB1ED2724E0062EF04 /* Logging.h in Headers */,
			);
			runOnlyForDeploymentPostprocessing = 0;
		};
		27BB1A721ED2A45600A8987F /* Headers */ = {
			isa = PBXHeadersBuildPhase;
			buildActionMask = 2147483647;
			files = (
				27F756551ED3FCAA00192BFB /* Logging.h in Headers */,
			);
			runOnlyForDeploymentPostprocessing = 0;
		};
		27FB48561ECD5D2300B04186 /* Headers */ = {
			isa = PBXHeadersBuildPhase;
			buildActionMask = 2147483647;
			files = (
				27F6A21A1ED0088A0043A0AD /* Logging.h in Headers */,
			);
			runOnlyForDeploymentPostprocessing = 0;
		};
/* End PBXHeadersBuildPhase section */

/* Begin PBXNativeTarget section */
		27B957DF1ED270240062EF04 /* Logging macOS */ = {
			isa = PBXNativeTarget;
			buildConfigurationList = 27B957F11ED270240062EF04 /* Build configuration list for PBXNativeTarget "Logging macOS" */;
			buildPhases = (
				27B957DB1ED270240062EF04 /* Sources */,
				27B957DC1ED270240062EF04 /* Frameworks */,
				27B957DD1ED270240062EF04 /* Headers */,
				27B957DE1ED270240062EF04 /* Resources */,
			);
			buildRules = (
			);
			dependencies = (
			);
			name = "Logging macOS";
			productName = "Logging OS X";
			productReference = 27B957E01ED270240062EF04 /* Logging.framework */;
			productType = "com.apple.product-type.framework";
		};
		27B957E71ED270240062EF04 /* Logging macOS Tests */ = {
			isa = PBXNativeTarget;
			buildConfigurationList = 27B957F41ED270240062EF04 /* Build configuration list for PBXNativeTarget "Logging macOS Tests" */;
			buildPhases = (
				27B957E41ED270240062EF04 /* Sources */,
				27B957E51ED270240062EF04 /* Frameworks */,
				27B957E61ED270240062EF04 /* Resources */,
			);
			buildRules = (
			);
			dependencies = (
				27B957EB1ED270240062EF04 /* PBXTargetDependency */,
			);
			name = "Logging macOS Tests";
			productName = "Logging OS XTests";
			productReference = 27B957E81ED270240062EF04 /* Logging macOS Tests.xctest */;
			productType = "com.apple.product-type.bundle.unit-test";
		};
		27BB1A741ED2A45600A8987F /* Logging watchOS */ = {
			isa = PBXNativeTarget;
			buildConfigurationList = 27BB1A7A1ED2A45600A8987F /* Build configuration list for PBXNativeTarget "Logging watchOS" */;
			buildPhases = (
				27BB1A701ED2A45600A8987F /* Sources */,
				27BB1A711ED2A45600A8987F /* Frameworks */,
				27BB1A721ED2A45600A8987F /* Headers */,
				27BB1A731ED2A45600A8987F /* Resources */,
			);
			buildRules = (
			);
			dependencies = (
			);
			name = "Logging watchOS";
			productName = WatchOS;
			productReference = 27BB1A751ED2A45600A8987F /* Logging.framework */;
			productType = "com.apple.product-type.framework";
		};
		27FB48581ECD5D2300B04186 /* Logging iOS */ = {
			isa = PBXNativeTarget;
			buildConfigurationList = 27FB486D1ECD5D2300B04186 /* Build configuration list for PBXNativeTarget "Logging iOS" */;
			buildPhases = (
				27FB48541ECD5D2300B04186 /* Sources */,
				27FB48551ECD5D2300B04186 /* Frameworks */,
				27FB48561ECD5D2300B04186 /* Headers */,
				27FB48571ECD5D2300B04186 /* Resources */,
			);
			buildRules = (
			);
			dependencies = (
			);
			name = "Logging iOS";
			productName = Logging;
			productReference = 27FB48591ECD5D2300B04186 /* Logging.framework */;
			productType = "com.apple.product-type.framework";
		};
		27FB48611ECD5D2300B04186 /* Logging iOS Tests */ = {
			isa = PBXNativeTarget;
			buildConfigurationList = 27FB48701ECD5D2300B04186 /* Build configuration list for PBXNativeTarget "Logging iOS Tests" */;
			buildPhases = (
				27FB485E1ECD5D2300B04186 /* Sources */,
				27FB485F1ECD5D2300B04186 /* Frameworks */,
				27FB48601ECD5D2300B04186 /* Resources */,
			);
			buildRules = (
			);
			dependencies = (
				27FB48651ECD5D2300B04186 /* PBXTargetDependency */,
			);
			name = "Logging iOS Tests";
			productName = LoggingTests;
			productReference = 27FB48621ECD5D2300B04186 /* Logging iOS Tests.xctest */;
			productType = "com.apple.product-type.bundle.unit-test";
		};
/* End PBXNativeTarget section */

/* Begin PBXProject section */
		27FB48501ECD5D2300B04186 /* Project object */ = {
			isa = PBXProject;
			attributes = {
				LastSwiftUpdateCheck = 0830;
				LastUpgradeCheck = 0830;
				ORGANIZATIONNAME = "Reid Main";
				TargetAttributes = {
					27B957DF1ED270240062EF04 = {
						CreatedOnToolsVersion = 8.3.2;
						ProvisioningStyle = Automatic;
					};
					27B957E71ED270240062EF04 = {
						CreatedOnToolsVersion = 8.3.2;
						ProvisioningStyle = Automatic;
					};
					27BB1A741ED2A45600A8987F = {
						CreatedOnToolsVersion = 8.3.2;
						ProvisioningStyle = Automatic;
					};
					27FB48581ECD5D2300B04186 = {
						CreatedOnToolsVersion = 8.3.2;
						LastSwiftMigration = 0830;
						ProvisioningStyle = Automatic;
					};
					27FB48611ECD5D2300B04186 = {
						CreatedOnToolsVersion = 8.3.2;
						ProvisioningStyle = Automatic;
					};
				};
			};
			buildConfigurationList = 27FB48531ECD5D2300B04186 /* Build configuration list for PBXProject "Logging" */;
			compatibilityVersion = "Xcode 3.2";
			developmentRegion = English;
			hasScannedForEncodings = 0;
			knownRegions = (
				en,
			);
			mainGroup = 27FB484F1ECD5D2300B04186;
			productRefGroup = 27FB485A1ECD5D2300B04186 /* Products */;
			projectDirPath = "";
			projectRoot = "";
			targets = (
				27FB48581ECD5D2300B04186 /* Logging iOS */,
				27BB1A741ED2A45600A8987F /* Logging watchOS */,
				27B957DF1ED270240062EF04 /* Logging macOS */,
				27FB48611ECD5D2300B04186 /* Logging iOS Tests */,
				27B957E71ED270240062EF04 /* Logging macOS Tests */,
			);
		};
/* End PBXProject section */

/* Begin PBXResourcesBuildPhase section */
		27B957DE1ED270240062EF04 /* Resources */ = {
			isa = PBXResourcesBuildPhase;
			buildActionMask = 2147483647;
			files = (
			);
			runOnlyForDeploymentPostprocessing = 0;
		};
		27B957E61ED270240062EF04 /* Resources */ = {
			isa = PBXResourcesBuildPhase;
			buildActionMask = 2147483647;
			files = (
			);
			runOnlyForDeploymentPostprocessing = 0;
		};
		27BB1A731ED2A45600A8987F /* Resources */ = {
			isa = PBXResourcesBuildPhase;
			buildActionMask = 2147483647;
			files = (
			);
			runOnlyForDeploymentPostprocessing = 0;
		};
		27FB48571ECD5D2300B04186 /* Resources */ = {
			isa = PBXResourcesBuildPhase;
			buildActionMask = 2147483647;
			files = (
			);
			runOnlyForDeploymentPostprocessing = 0;
		};
		27FB48601ECD5D2300B04186 /* Resources */ = {
			isa = PBXResourcesBuildPhase;
			buildActionMask = 2147483647;
			files = (
			);
			runOnlyForDeploymentPostprocessing = 0;
		};
/* End PBXResourcesBuildPhase section */

/* Begin PBXSourcesBuildPhase section */
		27B957DB1ED270240062EF04 /* Sources */ = {
			isa = PBXSourcesBuildPhase;
			buildActionMask = 2147483647;
			files = (
				27B9580C1ED27BA90062EF04 /* Logger.swift in Sources */,
			);
			runOnlyForDeploymentPostprocessing = 0;
		};
		27B957E41ED270240062EF04 /* Sources */ = {
			isa = PBXSourcesBuildPhase;
			buildActionMask = 2147483647;
			files = (
				27BB1A6D1ED28A9800A8987F /* LoggingTests.swift in Sources */,
			);
			runOnlyForDeploymentPostprocessing = 0;
		};
		27BB1A701ED2A45600A8987F /* Sources */ = {
			isa = PBXSourcesBuildPhase;
			buildActionMask = 2147483647;
			files = (
				27F756561ED3FCAF00192BFB /* Logger.swift in Sources */,
			);
			runOnlyForDeploymentPostprocessing = 0;
		};
		27FB48541ECD5D2300B04186 /* Sources */ = {
			isa = PBXSourcesBuildPhase;
			buildActionMask = 2147483647;
			files = (
				27B9580B1ED27B8F0062EF04 /* Logger.swift in Sources */,
			);
			runOnlyForDeploymentPostprocessing = 0;
		};
		27FB485E1ECD5D2300B04186 /* Sources */ = {
			isa = PBXSourcesBuildPhase;
			buildActionMask = 2147483647;
			files = (
				27FB48E11ED003B900B04186 /* LoggingTests.swift in Sources */,
			);
			runOnlyForDeploymentPostprocessing = 0;
		};
/* End PBXSourcesBuildPhase section */

/* Begin PBXTargetDependency section */
		27B957EB1ED270240062EF04 /* PBXTargetDependency */ = {
			isa = PBXTargetDependency;
			target = 27B957DF1ED270240062EF04 /* Logging macOS */;
			targetProxy = 27B957EA1ED270240062EF04 /* PBXContainerItemProxy */;
		};
		27FB48651ECD5D2300B04186 /* PBXTargetDependency */ = {
			isa = PBXTargetDependency;
			target = 27FB48581ECD5D2300B04186 /* Logging iOS */;
			targetProxy = 27FB48641ECD5D2300B04186 /* PBXContainerItemProxy */;
		};
/* End PBXTargetDependency section */

/* Begin XCBuildConfiguration section */
		27B957F21ED270240062EF04 /* Debug */ = {
			isa = XCBuildConfiguration;
			baseConfigurationReference = 27B957FC1ED272840062EF04 /* macOS Framework Debug.xcconfig */;
			buildSettings = {
			};
			name = Debug;
		};
		27B957F31ED270240062EF04 /* Release */ = {
			isa = XCBuildConfiguration;
			baseConfigurationReference = 27B958031ED274170062EF04 /* macOS Framework Release.xcconfig */;
			buildSettings = {
			};
			name = Release;
		};
		27B957F51ED270240062EF04 /* Debug */ = {
			isa = XCBuildConfiguration;
			baseConfigurationReference = 27B958051ED274830062EF04 /* macOS Tests.xcconfig */;
			buildSettings = {
			};
			name = Debug;
		};
		27B957F61ED270240062EF04 /* Release */ = {
			isa = XCBuildConfiguration;
			baseConfigurationReference = 27B958051ED274830062EF04 /* macOS Tests.xcconfig */;
			buildSettings = {
			};
			name = Release;
		};
		27BB1A7B1ED2A45600A8987F /* Debug */ = {
			isa = XCBuildConfiguration;
			baseConfigurationReference = 27BB1A7F1ED2A4C500A8987F /* watchOS Framework Debug.xcconfig */;
			buildSettings = {
			};
			name = Debug;
		};
		27BB1A7C1ED2A45600A8987F /* Release */ = {
			isa = XCBuildConfiguration;
			baseConfigurationReference = 27BB1A801ED2A4C500A8987F /* watchOS Framework Release.xcconfig */;
			buildSettings = {
			};
			name = Release;
		};
		27FB486B1ECD5D2300B04186 /* Debug */ = {
			isa = XCBuildConfiguration;
			baseConfigurationReference = 27B957FF1ED272900062EF04 /* Project Debug.xcconfig */;
			buildSettings = {
			};
			name = Debug;
		};
		27FB486C1ECD5D2300B04186 /* Release */ = {
			isa = XCBuildConfiguration;
			baseConfigurationReference = 27B958001ED272900062EF04 /* Project Release.xcconfig */;
			buildSettings = {
			};
			name = Release;
		};
		27FB486E1ECD5D2300B04186 /* Debug */ = {
			isa = XCBuildConfiguration;
			baseConfigurationReference = 27B957FD1ED2728A0062EF04 /* iOS Framework Debug.xcconfig */;
			buildSettings = {
			};
			name = Debug;
		};
		27FB486F1ECD5D2300B04186 /* Release */ = {
			isa = XCBuildConfiguration;
			baseConfigurationReference = 27B958021ED2740B0062EF04 /* iOS Framework Release.xcconfig */;
			buildSettings = {
			};
			name = Release;
		};
		27FB48711ECD5D2300B04186 /* Debug */ = {
			isa = XCBuildConfiguration;
			baseConfigurationReference = 27B958071ED274A50062EF04 /* iOS Tests.xcconfig */;
			buildSettings = {
			};
			name = Debug;
		};
		27FB48721ECD5D2300B04186 /* Release */ = {
			isa = XCBuildConfiguration;
			baseConfigurationReference = 27B958071ED274A50062EF04 /* iOS Tests.xcconfig */;
			buildSettings = {
			};
			name = Release;
		};
/* End XCBuildConfiguration section */

/* Begin XCConfigurationList section */
		27B957F11ED270240062EF04 /* Build configuration list for PBXNativeTarget "Logging macOS" */ = {
			isa = XCConfigurationList;
			buildConfigurations = (
				27B957F21ED270240062EF04 /* Debug */,
				27B957F31ED270240062EF04 /* Release */,
			);
			defaultConfigurationIsVisible = 0;
			defaultConfigurationName = Release;
		};
		27B957F41ED270240062EF04 /* Build configuration list for PBXNativeTarget "Logging macOS Tests" */ = {
			isa = XCConfigurationList;
			buildConfigurations = (
				27B957F51ED270240062EF04 /* Debug */,
				27B957F61ED270240062EF04 /* Release */,
			);
			defaultConfigurationIsVisible = 0;
			defaultConfigurationName = Release;
		};
		27BB1A7A1ED2A45600A8987F /* Build configuration list for PBXNativeTarget "Logging watchOS" */ = {
			isa = XCConfigurationList;
			buildConfigurations = (
				27BB1A7B1ED2A45600A8987F /* Debug */,
				27BB1A7C1ED2A45600A8987F /* Release */,
			);
			defaultConfigurationIsVisible = 0;
			defaultConfigurationName = Release;
		};
		27FB48531ECD5D2300B04186 /* Build configuration list for PBXProject "Logging" */ = {
			isa = XCConfigurationList;
			buildConfigurations = (
				27FB486B1ECD5D2300B04186 /* Debug */,
				27FB486C1ECD5D2300B04186 /* Release */,
			);
			defaultConfigurationIsVisible = 0;
			defaultConfigurationName = Release;
		};
		27FB486D1ECD5D2300B04186 /* Build configuration list for PBXNativeTarget "Logging iOS" */ = {
			isa = XCConfigurationList;
			buildConfigurations = (
				27FB486E1ECD5D2300B04186 /* Debug */,
				27FB486F1ECD5D2300B04186 /* Release */,
			);
			defaultConfigurationIsVisible = 0;
			defaultConfigurationName = Release;
		};
		27FB48701ECD5D2300B04186 /* Build configuration list for PBXNativeTarget "Logging iOS Tests" */ = {
			isa = XCConfigurationList;
			buildConfigurations = (
				27FB48711ECD5D2300B04186 /* Debug */,
				27FB48721ECD5D2300B04186 /* Release */,
			);
			defaultConfigurationIsVisible = 0;
			defaultConfigurationName = Release;
		};
/* End XCConfigurationList section */
	};
	rootObject = 27FB48501ECD5D2300B04186 /* Project object */;
}
