// !$*UTF8*$!
{
	archiveVersion = 1;
	classes = {
	};
	objectVersion = 46;
	objects = {

/* Begin PBXBuildFile section */
		27FB48631ECD5D2300B04186 /* Logging.framework in Frameworks */ = {isa = PBXBuildFile; fileRef = 27FB48591ECD5D2300B04186 /* Logging.framework */; };
		27FB48681ECD5D2300B04186 /* LoggingTests.swift in Sources */ = {isa = PBXBuildFile; fileRef = 27FB48671ECD5D2300B04186 /* LoggingTests.swift */; };
		27FB486A1ECD5D2300B04186 /* Logging.h in Headers */ = {isa = PBXBuildFile; fileRef = 27FB485C1ECD5D2300B04186 /* Logging.h */; settings = {ATTRIBUTES = (Public, ); }; };
/* End PBXBuildFile section */

/* Begin PBXContainerItemProxy section */
		27FB48641ECD5D2300B04186 /* PBXContainerItemProxy */ = {
			isa = PBXContainerItemProxy;
			containerPortal = 27FB48501ECD5D2300B04186 /* Project object */;
			proxyType = 1;
			remoteGlobalIDString = 27FB48581ECD5D2300B04186;
			remoteInfo = Logging;
		};
/* End PBXContainerItemProxy section */

/* Begin PBXFileReference section */
		27FB48591ECD5D2300B04186 /* Logging.framework */ = {isa = PBXFileReference; explicitFileType = wrapper.framework; includeInIndex = 0; path = Logging.framework; sourceTree = BUILT_PRODUCTS_DIR; };
		27FB485C1ECD5D2300B04186 /* Logging.h */ = {isa = PBXFileReference; lastKnownFileType = sourcecode.c.h; path = Logging.h; sourceTree = "<group>"; };
		27FB485D1ECD5D2300B04186 /* Info.plist */ = {isa = PBXFileReference; lastKnownFileType = text.plist.xml; path = Info.plist; sourceTree = "<group>"; };
		27FB48621ECD5D2300B04186 /* LoggingTests.xctest */ = {isa = PBXFileReference; explicitFileType = wrapper.cfbundle; includeInIndex = 0; path = LoggingTests.xctest; sourceTree = BUILT_PRODUCTS_DIR; };
		27FB48671ECD5D2300B04186 /* LoggingTests.swift */ = {isa = PBXFileReference; lastKnownFileType = sourcecode.swift; path = LoggingTests.swift; sourceTree = "<group>"; };
		27FB48691ECD5D2300B04186 /* Info.plist */ = {isa = PBXFileReference; lastKnownFileType = text.plist.xml; path = Info.plist; sourceTree = "<group>"; };
		27FB48731ECD601200B04186 /* Logging.xcconfig */ = {isa = PBXFileReference; lastKnownFileType = text.xcconfig; path = Logging.xcconfig; sourceTree = "<group>"; };
		27FB48741ECD67DD00B04186 /* Logging-Debug.xcconfig */ = {isa = PBXFileReference; lastKnownFileType = text.xcconfig; path = "Logging-Debug.xcconfig"; sourceTree = "<group>"; };
		27FB48751ECD67DD00B04186 /* Logging-Release.xcconfig */ = {isa = PBXFileReference; lastKnownFileType = text.xcconfig; path = "Logging-Release.xcconfig"; sourceTree = "<group>"; };
/* End PBXFileReference section */

/* Begin PBXFrameworksBuildPhase section */
		27FB48551ECD5D2300B04186 /* Frameworks */ = {
			isa = PBXFrameworksBuildPhase;
			buildActionMask = 2147483647;
			files = (
			);
			runOnlyForDeploymentPostprocessing = 0;
		};
		27FB485F1ECD5D2300B04186 /* Frameworks */ = {
			isa = PBXFrameworksBuildPhase;
			buildActionMask = 2147483647;
			files = (
				27FB48631ECD5D2300B04186 /* Logging.framework in Frameworks */,
			);
			runOnlyForDeploymentPostprocessing = 0;
		};
/* End PBXFrameworksBuildPhase section */

/* Begin PBXGroup section */
		27FB484F1ECD5D2300B04186 = {
			isa = PBXGroup;
			children = (
				27FB485B1ECD5D2300B04186 /* Logging */,
				27FB48661ECD5D2300B04186 /* LoggingTests */,
				27FB485A1ECD5D2300B04186 /* Products */,
			);
			sourceTree = "<group>";
		};
		27FB485A1ECD5D2300B04186 /* Products */ = {
			isa = PBXGroup;
			children = (
				27FB48591ECD5D2300B04186 /* Logging.framework */,
				27FB48621ECD5D2300B04186 /* LoggingTests.xctest */,
			);
			name = Products;
			sourceTree = "<group>";
		};
		27FB485B1ECD5D2300B04186 /* Logging */ = {
			isa = PBXGroup;
			children = (
				27FB485C1ECD5D2300B04186 /* Logging.h */,
				27FB485D1ECD5D2300B04186 /* Info.plist */,
				27FB48731ECD601200B04186 /* Logging.xcconfig */,
				27FB48741ECD67DD00B04186 /* Logging-Debug.xcconfig */,
				27FB48751ECD67DD00B04186 /* Logging-Release.xcconfig */,
			);
			path = Logging;
			sourceTree = "<group>";
		};
		27FB48661ECD5D2300B04186 /* LoggingTests */ = {
			isa = PBXGroup;
			children = (
				27FB48671ECD5D2300B04186 /* LoggingTests.swift */,
				27FB48691ECD5D2300B04186 /* Info.plist */,
			);
			path = LoggingTests;
			sourceTree = "<group>";
		};
/* End PBXGroup section */

/* Begin PBXHeadersBuildPhase section */
		27FB48561ECD5D2300B04186 /* Headers */ = {
			isa = PBXHeadersBuildPhase;
			buildActionMask = 2147483647;
			files = (
				27FB486A1ECD5D2300B04186 /* Logging.h in Headers */,
			);
			runOnlyForDeploymentPostprocessing = 0;
		};
/* End PBXHeadersBuildPhase section */

/* Begin PBXNativeTarget section */
		27FB48581ECD5D2300B04186 /* Logging */ = {
			isa = PBXNativeTarget;
			buildConfigurationList = 27FB486D1ECD5D2300B04186 /* Build configuration list for PBXNativeTarget "Logging" */;
			buildPhases = (
				27FB48541ECD5D2300B04186 /* Sources */,
				27FB48551ECD5D2300B04186 /* Frameworks */,
				27FB48561ECD5D2300B04186 /* Headers */,
				27FB48571ECD5D2300B04186 /* Resources */,
			);
			buildRules = (
			);
			dependencies = (
			);
			name = Logging;
			productName = Logging;
			productReference = 27FB48591ECD5D2300B04186 /* Logging.framework */;
			productType = "com.apple.product-type.framework";
		};
		27FB48611ECD5D2300B04186 /* LoggingTests */ = {
			isa = PBXNativeTarget;
			buildConfigurationList = 27FB48701ECD5D2300B04186 /* Build configuration list for PBXNativeTarget "LoggingTests" */;
			buildPhases = (
				27FB485E1ECD5D2300B04186 /* Sources */,
				27FB485F1ECD5D2300B04186 /* Frameworks */,
				27FB48601ECD5D2300B04186 /* Resources */,
			);
			buildRules = (
			);
			dependencies = (
				27FB48651ECD5D2300B04186 /* PBXTargetDependency */,
			);
			name = LoggingTests;
			productName = LoggingTests;
			productReference = 27FB48621ECD5D2300B04186 /* LoggingTests.xctest */;
			productType = "com.apple.product-type.bundle.unit-test";
		};
/* End PBXNativeTarget section */

/* Begin PBXProject section */
		27FB48501ECD5D2300B04186 /* Project object */ = {
			isa = PBXProject;
			attributes = {
				LastSwiftUpdateCheck = 0830;
				LastUpgradeCheck = 0830;
				ORGANIZATIONNAME = "Reid Main";
				TargetAttributes = {
					27FB48581ECD5D2300B04186 = {
						CreatedOnToolsVersion = 8.3.2;
						ProvisioningStyle = Automatic;
					};
					27FB48611ECD5D2300B04186 = {
						CreatedOnToolsVersion = 8.3.2;
						ProvisioningStyle = Automatic;
					};
				};
			};
			buildConfigurationList = 27FB48531ECD5D2300B04186 /* Build configuration list for PBXProject "Logging" */;
			compatibilityVersion = "Xcode 3.2";
			developmentRegion = English;
			hasScannedForEncodings = 0;
			knownRegions = (
				en,
			);
			mainGroup = 27FB484F1ECD5D2300B04186;
			productRefGroup = 27FB485A1ECD5D2300B04186 /* Products */;
			projectDirPath = "";
			projectRoot = "";
			targets = (
				27FB48581ECD5D2300B04186 /* Logging */,
				27FB48611ECD5D2300B04186 /* LoggingTests */,
			);
		};
/* End PBXProject section */

/* Begin PBXResourcesBuildPhase section */
		27FB48571ECD5D2300B04186 /* Resources */ = {
			isa = PBXResourcesBuildPhase;
			buildActionMask = 2147483647;
			files = (
			);
			runOnlyForDeploymentPostprocessing = 0;
		};
		27FB48601ECD5D2300B04186 /* Resources */ = {
			isa = PBXResourcesBuildPhase;
			buildActionMask = 2147483647;
			files = (
			);
			runOnlyForDeploymentPostprocessing = 0;
		};
/* End PBXResourcesBuildPhase section */

/* Begin PBXSourcesBuildPhase section */
		27FB48541ECD5D2300B04186 /* Sources */ = {
			isa = PBXSourcesBuildPhase;
			buildActionMask = 2147483647;
			files = (
			);
			runOnlyForDeploymentPostprocessing = 0;
		};
		27FB485E1ECD5D2300B04186 /* Sources */ = {
			isa = PBXSourcesBuildPhase;
			buildActionMask = 2147483647;
			files = (
				27FB48681ECD5D2300B04186 /* LoggingTests.swift in Sources */,
			);
			runOnlyForDeploymentPostprocessing = 0;
		};
/* End PBXSourcesBuildPhase section */

/* Begin PBXTargetDependency section */
		27FB48651ECD5D2300B04186 /* PBXTargetDependency */ = {
			isa = PBXTargetDependency;
			target = 27FB48581ECD5D2300B04186 /* Logging */;
			targetProxy = 27FB48641ECD5D2300B04186 /* PBXContainerItemProxy */;
		};
/* End PBXTargetDependency section */

/* Begin XCBuildConfiguration section */
		27FB486B1ECD5D2300B04186 /* Debug */ = {
			isa = XCBuildConfiguration;
			baseConfigurationReference = 27FB48741ECD67DD00B04186 /* Logging-Debug.xcconfig */;
			buildSettings = {
				CURRENT_PROJECT_VERSION = 1;
				GCC_PREPROCESSOR_DEFINITIONS = (
					"DEBUG=1",
					"$(inherited)",
				);
				VERSIONING_SYSTEM = "apple-generic";
				VERSION_INFO_PREFIX = "";
			};
			name = Debug;
		};
		27FB486C1ECD5D2300B04186 /* Release */ = {
			isa = XCBuildConfiguration;
			baseConfigurationReference = 27FB48751ECD67DD00B04186 /* Logging-Release.xcconfig */;
			buildSettings = {
				CURRENT_PROJECT_VERSION = 1;
				VERSIONING_SYSTEM = "apple-generic";
				VERSION_INFO_PREFIX = "";
			};
			name = Release;
		};
		27FB486E1ECD5D2300B04186 /* Debug */ = {
			isa = XCBuildConfiguration;
			buildSettings = {
				CODE_SIGN_IDENTITY = "";
				DEFINES_MODULE = YES;
				DYLIB_COMPATIBILITY_VERSION = 1;
				DYLIB_CURRENT_VERSION = 1;
				DYLIB_INSTALL_NAME_BASE = "@rpath";
				INFOPLIST_FILE = Logging/Info.plist;
				INSTALL_PATH = "$(LOCAL_LIBRARY_DIR)/Frameworks";
				LD_RUNPATH_SEARCH_PATHS = "$(inherited) @executable_path/Frameworks @loader_path/Frameworks";
				PRODUCT_BUNDLE_IDENTIFIER = FD.Logging.Logging;
				PRODUCT_NAME = "$(TARGET_NAME)";
				SKIP_INSTALL = YES;
				SWIFT_VERSION = 3.0;
			};
			name = Debug;
		};
		27FB486F1ECD5D2300B04186 /* Release */ = {
			isa = XCBuildConfiguration;
			buildSettings = {
				CODE_SIGN_IDENTITY = "";
				DEFINES_MODULE = YES;
				DYLIB_COMPATIBILITY_VERSION = 1;
				DYLIB_CURRENT_VERSION = 1;
				DYLIB_INSTALL_NAME_BASE = "@rpath";
				INFOPLIST_FILE = Logging/Info.plist;
				INSTALL_PATH = "$(LOCAL_LIBRARY_DIR)/Frameworks";
				LD_RUNPATH_SEARCH_PATHS = "$(inherited) @executable_path/Frameworks @loader_path/Frameworks";
				PRODUCT_BUNDLE_IDENTIFIER = FD.Logging.Logging;
				PRODUCT_NAME = "$(TARGET_NAME)";
				SKIP_INSTALL = YES;
				SWIFT_VERSION = 3.0;
			};
			name = Release;
		};
		27FB48711ECD5D2300B04186 /* Debug */ = {
			isa = XCBuildConfiguration;
			buildSettings = {
				INFOPLIST_FILE = LoggingTests/Info.plist;
				LD_RUNPATH_SEARCH_PATHS = "$(inherited) @executable_path/Frameworks @loader_path/Frameworks";
				PRODUCT_BUNDLE_IDENTIFIER = FD.Logging.LoggingTests;
				PRODUCT_NAME = "$(TARGET_NAME)";
				SWIFT_VERSION = 3.0;
			};
			name = Debug;
		};
		27FB48721ECD5D2300B04186 /* Release */ = {
			isa = XCBuildConfiguration;
			buildSettings = {
				INFOPLIST_FILE = LoggingTests/Info.plist;
				LD_RUNPATH_SEARCH_PATHS = "$(inherited) @executable_path/Frameworks @loader_path/Frameworks";
				PRODUCT_BUNDLE_IDENTIFIER = FD.Logging.LoggingTests;
				PRODUCT_NAME = "$(TARGET_NAME)";
				SWIFT_VERSION = 3.0;
			};
			name = Release;
		};
/* End XCBuildConfiguration section */

/* Begin XCConfigurationList section */
		27FB48531ECD5D2300B04186 /* Build configuration list for PBXProject "Logging" */ = {
			isa = XCConfigurationList;
			buildConfigurations = (
				27FB486B1ECD5D2300B04186 /* Debug */,
				27FB486C1ECD5D2300B04186 /* Release */,
			);
			defaultConfigurationIsVisible = 0;
			defaultConfigurationName = Release;
		};
		27FB486D1ECD5D2300B04186 /* Build configuration list for PBXNativeTarget "Logging" */ = {
			isa = XCConfigurationList;
			buildConfigurations = (
				27FB486E1ECD5D2300B04186 /* Debug */,
				27FB486F1ECD5D2300B04186 /* Release */,
			);
			defaultConfigurationIsVisible = 0;
			defaultConfigurationName = Release;
		};
		27FB48701ECD5D2300B04186 /* Build configuration list for PBXNativeTarget "LoggingTests" */ = {
			isa = XCConfigurationList;
			buildConfigurations = (
				27FB48711ECD5D2300B04186 /* Debug */,
				27FB48721ECD5D2300B04186 /* Release */,
			);
			defaultConfigurationIsVisible = 0;
			defaultConfigurationName = Release;
		};
/* End XCConfigurationList section */
	};
	rootObject = 27FB48501ECD5D2300B04186 /* Project object */;
}
